// !$*UTF8*$!
{
	archiveVersion = 1;
	classes = {
	};
	objectVersion = 45;
	objects = {

/* Begin PBXBuildFile section */
		1D3623260D0F684500981E51 /* MSGSAppDelegate.m in Sources */ = {isa = PBXBuildFile; fileRef = 1D3623250D0F684500981E51 /* MSGSAppDelegate.m */; };
		1D60589B0D05DD56006BFB54 /* main.m in Sources */ = {isa = PBXBuildFile; fileRef = 29B97316FDCFA39411CA2CEA /* main.m */; };
		1D60589F0D05DD5A006BFB54 /* Foundation.framework in Frameworks */ = {isa = PBXBuildFile; fileRef = 1D30AB110D05D00D00671497 /* Foundation.framework */; };
		1DF5F4E00D08C38300B7A737 /* UIKit.framework in Frameworks */ = {isa = PBXBuildFile; fileRef = 1DF5F4DF0D08C38300B7A737 /* UIKit.framework */; };
		288765080DF74369002DB57D /* CoreGraphics.framework in Frameworks */ = {isa = PBXBuildFile; fileRef = 288765070DF74369002DB57D /* CoreGraphics.framework */; };
		28AD73880D9D96C1002E5188 /* MainWindow.xib in Resources */ = {isa = PBXBuildFile; fileRef = 28AD73870D9D96C1002E5188 /* MainWindow.xib */; };
		4C10C4890FB89F57000D0D0C /* QuartzCore.framework in Frameworks */ = {isa = PBXBuildFile; fileRef = 4C10C4880FB89F57000D0D0C /* QuartzCore.framework */; };
		4C10C6270FB8CF75000D0D0C /* ComposeViewController.m in Sources */ = {isa = PBXBuildFile; fileRef = 4C10C6260FB8CF75000D0D0C /* ComposeViewController.m */; };
		4C10C6F40FB930CE000D0D0C /* ComposeView.xib in Resources */ = {isa = PBXBuildFile; fileRef = 4C10C6F30FB930CE000D0D0C /* ComposeView.xib */; };
		4C10C8870FB95036000D0D0C /* MessageTableViewCellController.m in Sources */ = {isa = PBXBuildFile; fileRef = 4C10C8860FB95036000D0D0C /* MessageTableViewCellController.m */; };
		4CA3C9590FAEBC5E00D3DA9E /* BuddiesViewController.m in Sources */ = {isa = PBXBuildFile; fileRef = 4CA3C9580FAEBC5E00D3DA9E /* BuddiesViewController.m */; };
		4CAB095C10CA01C400781516 /* libWIMTouch.a in Frameworks */ = {isa = PBXBuildFile; fileRef = 4CAB095710CA01BE00781516 /* libWIMTouch.a */; };
		4CDA90770FAE97E30099B08C /* MessageListTableViewController.m in Sources */ = {isa = PBXBuildFile; fileRef = 4CDA90760FAE97E30099B08C /* MessageListTableViewController.m */; };
/* End PBXBuildFile section */

/* Begin PBXContainerItemProxy section */
		4CAB095610CA01BE00781516 /* PBXContainerItemProxy */ = {
			isa = PBXContainerItemProxy;
			containerPortal = 4CAB095210CA01BE00781516 /* WIMTouch.xcodeproj */;
			proxyType = 2;
			remoteGlobalIDString = D2AAC07E0554694100DB518D;
			remoteInfo = WIMTouch;
		};
		4CAB098310CA027F00781516 /* PBXContainerItemProxy */ = {
			isa = PBXContainerItemProxy;
			containerPortal = 4CAB095210CA01BE00781516 /* WIMTouch.xcodeproj */;
			proxyType = 1;
			remoteGlobalIDString = D2AAC07D0554694100DB518D;
			remoteInfo = WIMTouch;
		};
/* End PBXContainerItemProxy section */

/* Begin PBXFileReference section */
		1D30AB110D05D00D00671497 /* Foundation.framework */ = {isa = PBXFileReference; lastKnownFileType = wrapper.framework; name = Foundation.framework; path = System/Library/Frameworks/Foundation.framework; sourceTree = SDKROOT; };
		1D3623240D0F684500981E51 /* MSGSAppDelegate.h */ = {isa = PBXFileReference; fileEncoding = 4; lastKnownFileType = sourcecode.c.h; name = MSGSAppDelegate.h; path = ../MSGSAppDelegate.h; sourceTree = "<group>"; };
		1D3623250D0F684500981E51 /* MSGSAppDelegate.m */ = {isa = PBXFileReference; fileEncoding = 4; lastKnownFileType = sourcecode.c.objc; name = MSGSAppDelegate.m; path = ../MSGSAppDelegate.m; sourceTree = "<group>"; };
		1D6058910D05DD3D006BFB54 /* MSGS.app */ = {isa = PBXFileReference; explicitFileType = wrapper.application; includeInIndex = 0; path = MSGS.app; sourceTree = BUILT_PRODUCTS_DIR; };
		1DF5F4DF0D08C38300B7A737 /* UIKit.framework */ = {isa = PBXFileReference; lastKnownFileType = wrapper.framework; name = UIKit.framework; path = System/Library/Frameworks/UIKit.framework; sourceTree = SDKROOT; };
		288765070DF74369002DB57D /* CoreGraphics.framework */ = {isa = PBXFileReference; lastKnownFileType = wrapper.framework; name = CoreGraphics.framework; path = System/Library/Frameworks/CoreGraphics.framework; sourceTree = SDKROOT; };
		28A0AB4B0D9B1048005BE974 /* MSGS_Prefix.pch */ = {isa = PBXFileReference; fileEncoding = 4; lastKnownFileType = sourcecode.c.h; path = MSGS_Prefix.pch; sourceTree = "<group>"; };
		28AD73870D9D96C1002E5188 /* MainWindow.xib */ = {isa = PBXFileReference; lastKnownFileType = file.xib; path = MainWindow.xib; sourceTree = "<group>"; };
		29B97316FDCFA39411CA2CEA /* main.m */ = {isa = PBXFileReference; fileEncoding = 4; lastKnownFileType = sourcecode.c.objc; path = main.m; sourceTree = "<group>"; };
		4C10C4880FB89F57000D0D0C /* QuartzCore.framework */ = {isa = PBXFileReference; lastKnownFileType = wrapper.framework; name = QuartzCore.framework; path = System/Library/Frameworks/QuartzCore.framework; sourceTree = SDKROOT; };
		4C10C6250FB8CF75000D0D0C /* ComposeViewController.h */ = {isa = PBXFileReference; fileEncoding = 4; lastKnownFileType = sourcecode.c.h; path = ComposeViewController.h; sourceTree = "<group>"; };
		4C10C6260FB8CF75000D0D0C /* ComposeViewController.m */ = {isa = PBXFileReference; fileEncoding = 4; lastKnownFileType = sourcecode.c.objc; path = ComposeViewController.m; sourceTree = "<group>"; };
		4C10C6F30FB930CE000D0D0C /* ComposeView.xib */ = {isa = PBXFileReference; lastKnownFileType = file.xib; path = ComposeView.xib; sourceTree = "<group>"; };
		4C10C8850FB95036000D0D0C /* MessageTableViewCellController.h */ = {isa = PBXFileReference; fileEncoding = 4; lastKnownFileType = sourcecode.c.h; path = MessageTableViewCellController.h; sourceTree = "<group>"; };
		4C10C8860FB95036000D0D0C /* MessageTableViewCellController.m */ = {isa = PBXFileReference; fileEncoding = 4; lastKnownFileType = sourcecode.c.objc; path = MessageTableViewCellController.m; sourceTree = "<group>"; };
		4CA3C9570FAEBC5E00D3DA9E /* BuddiesViewController.h */ = {isa = PBXFileReference; fileEncoding = 4; lastKnownFileType = sourcecode.c.h; path = BuddiesViewController.h; sourceTree = "<group>"; };
		4CA3C9580FAEBC5E00D3DA9E /* BuddiesViewController.m */ = {isa = PBXFileReference; fileEncoding = 4; lastKnownFileType = sourcecode.c.objc; path = BuddiesViewController.m; sourceTree = "<group>"; };
		4CAB095210CA01BE00781516 /* WIMTouch.xcodeproj */ = {isa = PBXFileReference; lastKnownFileType = "wrapper.pb-project"; name = WIMTouch.xcodeproj; path = ../../src/WIMTouch.xcodeproj; sourceTree = SOURCE_ROOT; };
		4CDA90750FAE97E30099B08C /* BuddiesViewController.h */ = {isa = PBXFileReference; fileEncoding = 4; lastKnownFileType = sourcecode.c.h; path = BuddiesViewController.h; sourceTree = "<group>"; };
		4CDA90760FAE97E30099B08C /* MessageListTableViewController.m */ = {isa = PBXFileReference; fileEncoding = 4; lastKnownFileType = sourcecode.c.objc; path = MessageListTableViewController.m; sourceTree = "<group>"; };
		8D1107310486CEB800E47090 /* MSGS-Info.plist */ = {isa = PBXFileReference; fileEncoding = 4; lastKnownFileType = text.plist.xml; path = "MSGS-Info.plist"; plistStructureDefinitionIdentifier = "com.apple.xcode.plist.structure-definition.iphone.info-plist"; sourceTree = "<group>"; };
/* End PBXFileReference section */

/* Begin PBXFrameworksBuildPhase section */
		1D60588F0D05DD3D006BFB54 /* Frameworks */ = {
			isa = PBXFrameworksBuildPhase;
			buildActionMask = 2147483647;
			files = (
				1D60589F0D05DD5A006BFB54 /* Foundation.framework in Frameworks */,
				1DF5F4E00D08C38300B7A737 /* UIKit.framework in Frameworks */,
				288765080DF74369002DB57D /* CoreGraphics.framework in Frameworks */,
				4C10C4890FB89F57000D0D0C /* QuartzCore.framework in Frameworks */,
				4CAB095C10CA01C400781516 /* libWIMTouch.a in Frameworks */,
			);
			runOnlyForDeploymentPostprocessing = 0;
		};
/* End PBXFrameworksBuildPhase section */

/* Begin PBXGroup section */
		080E96DDFE201D6D7F000001 /* Classes */ = {
			isa = PBXGroup;
			children = (
				1D3623240D0F684500981E51 /* MSGSAppDelegate.h */,
				1D3623250D0F684500981E51 /* MSGSAppDelegate.m */,
			);
			path = Classes;
			sourceTree = "<group>";
		};
		19C28FACFE9D520D11CA2CBB /* Products */ = {
			isa = PBXGroup;
			children = (
				1D6058910D05DD3D006BFB54 /* MSGS.app */,
			);
			name = Products;
			sourceTree = "<group>";
		};
		29B97314FDCFA39411CA2CEA /* MSGS */ = {
			isa = PBXGroup;
			children = (
				4C04BAEF0FAFED7500429803 /* View Controllers */,
				080E96DDFE201D6D7F000001 /* Classes */,
				29B97315FDCFA39411CA2CEA /* Other Sources */,
				29B97317FDCFA39411CA2CEA /* Resources */,
				29B97323FDCFA39411CA2CEA /* Frameworks */,
				19C28FACFE9D520D11CA2CBB /* Products */,
			);
			name = MSGS;
			sourceTree = "<group>";
		};
		29B97315FDCFA39411CA2CEA /* Other Sources */ = {
			isa = PBXGroup;
			children = (
				28A0AB4B0D9B1048005BE974 /* MSGS_Prefix.pch */,
				29B97316FDCFA39411CA2CEA /* main.m */,
			);
			name = "Other Sources";
			sourceTree = "<group>";
		};
		29B97317FDCFA39411CA2CEA /* Resources */ = {
			isa = PBXGroup;
			children = (
				28AD73870D9D96C1002E5188 /* MainWindow.xib */,
				8D1107310486CEB800E47090 /* MSGS-Info.plist */,
				4C10C6F30FB930CE000D0D0C /* ComposeView.xib */,
			);
			name = Resources;
			sourceTree = "<group>";
		};
		29B97323FDCFA39411CA2CEA /* Frameworks */ = {
			isa = PBXGroup;
			children = (
				4CAB095210CA01BE00781516 /* WIMTouch.xcodeproj */,
				4C10C4880FB89F57000D0D0C /* QuartzCore.framework */,
				1DF5F4DF0D08C38300B7A737 /* UIKit.framework */,
				1D30AB110D05D00D00671497 /* Foundation.framework */,
				288765070DF74369002DB57D /* CoreGraphics.framework */,
			);
			name = Frameworks;
			sourceTree = "<group>";
		};
		4C04BAEF0FAFED7500429803 /* View Controllers */ = {
			isa = PBXGroup;
			children = (
				4CDA90750FAE97E30099B08C /* BuddiesViewController.h */,
				4CDA90760FAE97E30099B08C /* MessageListTableViewController.m */,
				4C10C8850FB95036000D0D0C /* MessageTableViewCellController.h */,
				4C10C8860FB95036000D0D0C /* MessageTableViewCellController.m */,
				4CA3C9570FAEBC5E00D3DA9E /* BuddiesViewController.h */,
				4CA3C9580FAEBC5E00D3DA9E /* BuddiesViewController.m */,
				4C10C6250FB8CF75000D0D0C /* ComposeViewController.h */,
				4C10C6260FB8CF75000D0D0C /* ComposeViewController.m */,
			);
			name = "View Controllers";
			sourceTree = "<group>";
		};
		4CAB095310CA01BE00781516 /* Products */ = {
			isa = PBXGroup;
			children = (
				4CAB095710CA01BE00781516 /* libWIMTouch.a */,
			);
			name = Products;
			sourceTree = "<group>";
		};
/* End PBXGroup section */

/* Begin PBXNativeTarget section */
		1D6058900D05DD3D006BFB54 /* MSGS */ = {
			isa = PBXNativeTarget;
			buildConfigurationList = 1D6058960D05DD3E006BFB54 /* Build configuration list for PBXNativeTarget "MSGS" */;
			buildPhases = (
				1D60588D0D05DD3D006BFB54 /* Resources */,
				1D60588E0D05DD3D006BFB54 /* Sources */,
				1D60588F0D05DD3D006BFB54 /* Frameworks */,
			);
			buildRules = (
			);
			dependencies = (
				4CAB098410CA027F00781516 /* PBXTargetDependency */,
			);
			name = MSGS;
			productName = MSGS;
			productReference = 1D6058910D05DD3D006BFB54 /* MSGS.app */;
			productType = "com.apple.product-type.application";
		};
/* End PBXNativeTarget section */

/* Begin PBXProject section */
		29B97313FDCFA39411CA2CEA /* Project object */ = {
			isa = PBXProject;
			buildConfigurationList = C01FCF4E08A954540054247B /* Build configuration list for PBXProject "MSGS" */;
			compatibilityVersion = "Xcode 3.1";
			hasScannedForEncodings = 1;
			mainGroup = 29B97314FDCFA39411CA2CEA /* MSGS */;
			projectDirPath = "";
			projectReferences = (
				{
					ProductGroup = 4CAB095310CA01BE00781516 /* Products */;
					ProjectRef = 4CAB095210CA01BE00781516 /* WIMTouch.xcodeproj */;
				},
			);
			projectRoot = "";
			targets = (
				1D6058900D05DD3D006BFB54 /* MSGS */,
			);
		};
/* End PBXProject section */

/* Begin PBXReferenceProxy section */
		4CAB095710CA01BE00781516 /* libWIMTouch.a */ = {
			isa = PBXReferenceProxy;
			fileType = archive.ar;
			path = libWIMTouch.a;
			remoteRef = 4CAB095610CA01BE00781516 /* PBXContainerItemProxy */;
			sourceTree = BUILT_PRODUCTS_DIR;
		};
/* End PBXReferenceProxy section */

/* Begin PBXResourcesBuildPhase section */
		1D60588D0D05DD3D006BFB54 /* Resources */ = {
			isa = PBXResourcesBuildPhase;
			buildActionMask = 2147483647;
			files = (
				28AD73880D9D96C1002E5188 /* MainWindow.xib in Resources */,
				4C10C6F40FB930CE000D0D0C /* ComposeView.xib in Resources */,
			);
			runOnlyForDeploymentPostprocessing = 0;
		};
/* End PBXResourcesBuildPhase section */

/* Begin PBXSourcesBuildPhase section */
		1D60588E0D05DD3D006BFB54 /* Sources */ = {
			isa = PBXSourcesBuildPhase;
			buildActionMask = 2147483647;
			files = (
				1D60589B0D05DD56006BFB54 /* main.m in Sources */,
				1D3623260D0F684500981E51 /* MSGSAppDelegate.m in Sources */,
				4CDA90770FAE97E30099B08C /* MessageListTableViewController.m in Sources */,
				4CA3C9590FAEBC5E00D3DA9E /* BuddiesViewController.m in Sources */,
				4C10C6270FB8CF75000D0D0C /* ComposeViewController.m in Sources */,
				4C10C8870FB95036000D0D0C /* MessageTableViewCellController.m in Sources */,
			);
			runOnlyForDeploymentPostprocessing = 0;
		};
/* End PBXSourcesBuildPhase section */

/* Begin PBXTargetDependency section */
		4CAB098410CA027F00781516 /* PBXTargetDependency */ = {
			isa = PBXTargetDependency;
			name = WIMTouch;
			targetProxy = 4CAB098310CA027F00781516 /* PBXContainerItemProxy */;
		};
/* End PBXTargetDependency section */

/* Begin XCBuildConfiguration section */
		1D6058940D05DD3E006BFB54 /* Debug */ = {
			isa = XCBuildConfiguration;
			buildSettings = {
				ALWAYS_SEARCH_USER_PATHS = NO;
				COPY_PHASE_STRIP = NO;
				GCC_DYNAMIC_NO_PIC = NO;
				GCC_OPTIMIZATION_LEVEL = 0;
				GCC_PRECOMPILE_PREFIX_HEADER = YES;
				GCC_PREFIX_HEADER = MSGS_Prefix.pch;
				HEADER_SEARCH_PATHS = "../../src/**";
				INFOPLIST_FILE = "MSGS-Info.plist";
				PRODUCT_NAME = MSGS;
			};
			name = Debug;
		};
		1D6058950D05DD3E006BFB54 /* Release */ = {
			isa = XCBuildConfiguration;
			buildSettings = {
				ALWAYS_SEARCH_USER_PATHS = NO;
				COPY_PHASE_STRIP = YES;
				GCC_PRECOMPILE_PREFIX_HEADER = YES;
				GCC_PREFIX_HEADER = MSGS_Prefix.pch;
				HEADER_SEARCH_PATHS = "../../src/**";
				INFOPLIST_FILE = "MSGS-Info.plist";
				PRODUCT_NAME = MSGS;
			};
			name = Release;
		};
		C01FCF4F08A954540054247B /* Debug */ = {
			isa = XCBuildConfiguration;
			buildSettings = {
				ARCHS = "$(ARCHS_STANDARD_32_BIT)";
				"CODE_SIGN_IDENTITY[sdk=iphoneos*]" = "iPhone Developer";
				GCC_C_LANGUAGE_STANDARD = c99;
				GCC_WARN_ABOUT_RETURN_TYPE = YES;
				GCC_WARN_UNUSED_VARIABLE = YES;
				HEADER_SEARCH_PATHS = "../src/**";
				ONLY_ACTIVE_ARCH = YES;
				OTHER_LDFLAGS = (
					"-ObjC",
					"-all_load",
				);
				PREBINDING = NO;
				SDKROOT = iphonesimulator3.0;
			};
			name = Debug;
		};
		C01FCF5008A954540054247B /* Release */ = {
			isa = XCBuildConfiguration;
			buildSettings = {
				ARCHS = "$(ARCHS_STANDARD_32_BIT)";
				"CODE_SIGN_IDENTITY[sdk=iphoneos*]" = "iPhone Developer";
				GCC_C_LANGUAGE_STANDARD = c99;
				GCC_WARN_ABOUT_RETURN_TYPE = YES;
				GCC_WARN_UNUSED_VARIABLE = YES;
				HEADER_SEARCH_PATHS = "../src/**";
				OTHER_LDFLAGS = (
					"-ObjC",
					"-all_load",
				);
				PREBINDING = NO;
				SDKROOT = iphonesimulator3.0;
			};
			name = Release;
		};
/* End XCBuildConfiguration section */

/* Begin XCConfigurationList section */
		1D6058960D05DD3E006BFB54 /* Build configuration list for PBXNativeTarget "MSGS" */ = {
			isa = XCConfigurationList;
			buildConfigurations = (
				1D6058940D05DD3E006BFB54 /* Debug */,
				1D6058950D05DD3E006BFB54 /* Release */,
			);
			defaultConfigurationIsVisible = 0;
			defaultConfigurationName = Release;
		};
		C01FCF4E08A954540054247B /* Build configuration list for PBXProject "MSGS" */ = {
			isa = XCConfigurationList;
			buildConfigurations = (
				C01FCF4F08A954540054247B /* Debug */,
				C01FCF5008A954540054247B /* Release */,
			);
			defaultConfigurationIsVisible = 0;
			defaultConfigurationName = Release;
		};
/* End XCConfigurationList section */
	};
	rootObject = 29B97313FDCFA39411CA2CEA /* Project object */;
}
